
Microsoft Visual Studio Solution File, Format Version 12.00
# Visual Studio Version 17
VisualStudioVersion = 17.1.32319.34
MinimumVisualStudioVersion = 10.0.40219.1
Project("{9A19103F-16F7-4668-BE54-9A1E7A4F7556}") = "SmokeTests", "SmokeTests\SmokeTests.csproj", "{A5032535-B8C7-4D97-B0C1-F7F6CE972678}"
EndProject
Project("{2150E333-8FDC-42A3-9474-1A3956D46DE8}") = "TedCinemas_Tests", "TedCinemas_Tests", "{5730D5A7-164E-4AE6-A4F4-0BABFF7CDAE6}"
	ProjectSection(SolutionItems) = preProject
		..\..\..\OneDrive - Planit Test Management Solutions Pty Ltd\Documents\TestCases_TedCinemas.xlsx = ..\..\..\OneDrive - Planit Test Management Solutions Pty Ltd\Documents\TestCases_TedCinemas.xlsx
	EndProjectSection
EndProject
Global
	GlobalSection(SolutionConfigurationPlatforms) = preSolution
		Debug|Any CPU = Debug|Any CPU
		Release|Any CPU = Release|Any CPU
	EndGlobalSection
	GlobalSection(ProjectConfigurationPlatforms) = postSolution
		{A5032535-B8C7-4D97-B0C1-F7F6CE972678}.Debug|Any CPU.ActiveCfg = Debug|Any CPU
		{A5032535-B8C7-4D97-B0C1-F7F6CE972678}.Debug|Any CPU.Build.0 = Debug|Any CPU
		{A5032535-B8C7-4D97-B0C1-F7F6CE972678}.Release|Any CPU.ActiveCfg = Release|Any CPU
		{A5032535-B8C7-4D97-B0C1-F7F6CE972678}.Release|Any CPU.Build.0 = Release|Any CPU
	EndGlobalSection
	GlobalSection(SolutionProperties) = preSolution
		HideSolutionNode = FALSE
	EndGlobalSection
	GlobalSection(ExtensibilityGlobals) = postSolution
		SolutionGuid = {9D78CF21-C372-4C72-B3C4-8D763A447996}
	EndGlobalSection
EndGlobal
